# This file is automatically @generated by Poetry and should not be changed by hand.

[[package]]
name = "attrs"
version = "22.2.0"
description = "Classes Without Boilerplate"
category = "dev"
optional = false
python-versions = ">=3.6"
files = [
    {file = "attrs-22.2.0-py3-none-any.whl", hash = "sha256:29e95c7f6778868dbd49170f98f8818f78f3dc5e0e37c0b1f474e3561b240836"},
    {file = "attrs-22.2.0.tar.gz", hash = "sha256:c9227bfc2f01993c03f68db37d1d15c9690188323c067c641f1a35ca58185f99"},
]

[package.extras]
cov = ["attrs[tests]", "coverage-enable-subprocess", "coverage[toml] (>=5.3)"]
dev = ["attrs[docs,tests]"]
docs = ["furo", "myst-parser", "sphinx", "sphinx-notfound-page", "sphinxcontrib-towncrier", "towncrier", "zope.interface"]
tests = ["attrs[tests-no-zope]", "zope.interface"]
tests-no-zope = ["cloudpickle", "cloudpickle", "hypothesis", "hypothesis", "mypy (>=0.971,<0.990)", "mypy (>=0.971,<0.990)", "pympler", "pympler", "pytest (>=4.3.0)", "pytest (>=4.3.0)", "pytest-mypy-plugins", "pytest-mypy-plugins", "pytest-xdist[psutil]", "pytest-xdist[psutil]"]

[[package]]
name = "avro"
version = "1.11.1"
description = "Avro is a serialization and RPC framework."
category = "main"
optional = true
python-versions = ">=3.6"
files = [
    {file = "avro-1.11.1.tar.gz", hash = "sha256:f123623ecc648d0e20ce14f8ed85162140c13cc4b108865d1b2529fbfa06c008"},
]

[package.extras]
snappy = ["python-snappy"]
zstandard = ["zstandard"]

[[package]]
name = "colorama"
version = "0.4.6"
description = "Cross-platform colored terminal text."
category = "dev"
optional = false
python-versions = "!=3.0.*,!=3.1.*,!=3.2.*,!=3.3.*,!=3.4.*,!=3.5.*,!=3.6.*,>=2.7"
files = [
    {file = "colorama-0.4.6-py2.py3-none-any.whl", hash = "sha256:4f1d9991f5acc0ca119f9d443620b77f9d6b33703e51011c16baf57afb285fc6"},
    {file = "colorama-0.4.6.tar.gz", hash = "sha256:08695f5cb7ed6e0531a20572697297273c47b8cae5a63ffc6d6ed5c201be6e44"},
]

[[package]]
name = "coverage"
version = "7.1.0"
description = "Code coverage measurement for Python"
category = "dev"
optional = false
python-versions = ">=3.7"
files = [
    {file = "coverage-7.1.0-cp310-cp310-macosx_10_9_x86_64.whl", hash = "sha256:3b946bbcd5a8231383450b195cfb58cb01cbe7f8949f5758566b881df4b33baf"},
    {file = "coverage-7.1.0-cp310-cp310-macosx_11_0_arm64.whl", hash = "sha256:ec8e767f13be637d056f7e07e61d089e555f719b387a7070154ad80a0ff31801"},
    {file = "coverage-7.1.0-cp310-cp310-manylinux_2_17_aarch64.manylinux2014_aarch64.whl", hash = "sha256:d4a5a5879a939cb84959d86869132b00176197ca561c664fc21478c1eee60d75"},
    {file = "coverage-7.1.0-cp310-cp310-manylinux_2_5_i686.manylinux1_i686.manylinux_2_17_i686.manylinux2014_i686.whl", hash = "sha256:b643cb30821e7570c0aaf54feaf0bfb630b79059f85741843e9dc23f33aaca2c"},
    {file = "coverage-7.1.0-cp310-cp310-manylinux_2_5_x86_64.manylinux1_x86_64.manylinux_2_17_x86_64.manylinux2014_x86_64.whl", hash = "sha256:32df215215f3af2c1617a55dbdfb403b772d463d54d219985ac7cd3bf124cada"},
    {file = "coverage-7.1.0-cp310-cp310-musllinux_1_1_aarch64.whl", hash = "sha256:33d1ae9d4079e05ac4cc1ef9e20c648f5afabf1a92adfaf2ccf509c50b85717f"},
    {file = "coverage-7.1.0-cp310-cp310-musllinux_1_1_i686.whl", hash = "sha256:29571503c37f2ef2138a306d23e7270687c0efb9cab4bd8038d609b5c2393a3a"},
    {file = "coverage-7.1.0-cp310-cp310-musllinux_1_1_x86_64.whl", hash = "sha256:63ffd21aa133ff48c4dff7adcc46b7ec8b565491bfc371212122dd999812ea1c"},
    {file = "coverage-7.1.0-cp310-cp310-win32.whl", hash = "sha256:4b14d5e09c656de5038a3f9bfe5228f53439282abcab87317c9f7f1acb280352"},
    {file = "coverage-7.1.0-cp310-cp310-win_amd64.whl", hash = "sha256:8361be1c2c073919500b6601220a6f2f98ea0b6d2fec5014c1d9cfa23dd07038"},
    {file = "coverage-7.1.0-cp311-cp311-macosx_10_9_x86_64.whl", hash = "sha256:da9b41d4539eefd408c46725fb76ecba3a50a3367cafb7dea5f250d0653c1040"},
    {file = "coverage-7.1.0-cp311-cp311-macosx_11_0_arm64.whl", hash = "sha256:c5b15ed7644ae4bee0ecf74fee95808dcc34ba6ace87e8dfbf5cb0dc20eab45a"},
    {file = "coverage-7.1.0-cp311-cp311-manylinux_2_17_aarch64.manylinux2014_aarch64.whl", hash = "sha256:d12d076582507ea460ea2a89a8c85cb558f83406c8a41dd641d7be9a32e1274f"},
    {file = "coverage-7.1.0-cp311-cp311-manylinux_2_5_i686.manylinux1_i686.manylinux_2_17_i686.manylinux2014_i686.whl", hash = "sha256:e2617759031dae1bf183c16cef8fcfb3de7617f394c813fa5e8e46e9b82d4222"},
    {file = "coverage-7.1.0-cp311-cp311-manylinux_2_5_x86_64.manylinux1_x86_64.manylinux_2_17_x86_64.manylinux2014_x86_64.whl", hash = "sha256:c4e4881fa9e9667afcc742f0c244d9364d197490fbc91d12ac3b5de0bf2df146"},
    {file = "coverage-7.1.0-cp311-cp311-musllinux_1_1_aarch64.whl", hash = "sha256:9d58885215094ab4a86a6aef044e42994a2bd76a446dc59b352622655ba6621b"},
    {file = "coverage-7.1.0-cp311-cp311-musllinux_1_1_i686.whl", hash = "sha256:ffeeb38ee4a80a30a6877c5c4c359e5498eec095878f1581453202bfacc8fbc2"},
    {file = "coverage-7.1.0-cp311-cp311-musllinux_1_1_x86_64.whl", hash = "sha256:3baf5f126f30781b5e93dbefcc8271cb2491647f8283f20ac54d12161dff080e"},
    {file = "coverage-7.1.0-cp311-cp311-win32.whl", hash = "sha256:ded59300d6330be27bc6cf0b74b89ada58069ced87c48eaf9344e5e84b0072f7"},
    {file = "coverage-7.1.0-cp311-cp311-win_amd64.whl", hash = "sha256:6a43c7823cd7427b4ed763aa7fb63901ca8288591323b58c9cd6ec31ad910f3c"},
    {file = "coverage-7.1.0-cp37-cp37m-macosx_10_9_x86_64.whl", hash = "sha256:7a726d742816cb3a8973c8c9a97539c734b3a309345236cd533c4883dda05b8d"},
    {file = "coverage-7.1.0-cp37-cp37m-manylinux_2_17_aarch64.manylinux2014_aarch64.whl", hash = "sha256:bc7c85a150501286f8b56bd8ed3aa4093f4b88fb68c0843d21ff9656f0009d6a"},
    {file = "coverage-7.1.0-cp37-cp37m-manylinux_2_5_i686.manylinux1_i686.manylinux_2_17_i686.manylinux2014_i686.whl", hash = "sha256:f5b4198d85a3755d27e64c52f8c95d6333119e49fd001ae5798dac872c95e0f8"},
    {file = "coverage-7.1.0-cp37-cp37m-manylinux_2_5_x86_64.manylinux1_x86_64.manylinux_2_17_x86_64.manylinux2014_x86_64.whl", hash = "sha256:ddb726cb861c3117a553f940372a495fe1078249ff5f8a5478c0576c7be12050"},
    {file = "coverage-7.1.0-cp37-cp37m-musllinux_1_1_aarch64.whl", hash = "sha256:51b236e764840a6df0661b67e50697aaa0e7d4124ca95e5058fa3d7cbc240b7c"},
    {file = "coverage-7.1.0-cp37-cp37m-musllinux_1_1_i686.whl", hash = "sha256:7ee5c9bb51695f80878faaa5598040dd6c9e172ddcf490382e8aedb8ec3fec8d"},
    {file = "coverage-7.1.0-cp37-cp37m-musllinux_1_1_x86_64.whl", hash = "sha256:c31b75ae466c053a98bf26843563b3b3517b8f37da4d47b1c582fdc703112bc3"},
    {file = "coverage-7.1.0-cp37-cp37m-win32.whl", hash = "sha256:3b155caf3760408d1cb903b21e6a97ad4e2bdad43cbc265e3ce0afb8e0057e73"},
    {file = "coverage-7.1.0-cp37-cp37m-win_amd64.whl", hash = "sha256:2a60d6513781e87047c3e630b33b4d1e89f39836dac6e069ffee28c4786715f5"},
    {file = "coverage-7.1.0-cp38-cp38-macosx_10_9_x86_64.whl", hash = "sha256:f2cba5c6db29ce991029b5e4ac51eb36774458f0a3b8d3137241b32d1bb91f06"},
    {file = "coverage-7.1.0-cp38-cp38-macosx_11_0_arm64.whl", hash = "sha256:beeb129cacea34490ffd4d6153af70509aa3cda20fdda2ea1a2be870dfec8d52"},
    {file = "coverage-7.1.0-cp38-cp38-manylinux_2_17_aarch64.manylinux2014_aarch64.whl", hash = "sha256:0c45948f613d5d18c9ec5eaa203ce06a653334cf1bd47c783a12d0dd4fd9c851"},
    {file = "coverage-7.1.0-cp38-cp38-manylinux_2_5_i686.manylinux1_i686.manylinux_2_17_i686.manylinux2014_i686.whl", hash = "sha256:ef382417db92ba23dfb5864a3fc9be27ea4894e86620d342a116b243ade5d35d"},
    {file = "coverage-7.1.0-cp38-cp38-manylinux_2_5_x86_64.manylinux1_x86_64.manylinux_2_17_x86_64.manylinux2014_x86_64.whl", hash = "sha256:7c7c0d0827e853315c9bbd43c1162c006dd808dbbe297db7ae66cd17b07830f0"},
    {file = "coverage-7.1.0-cp38-cp38-musllinux_1_1_aarch64.whl", hash = "sha256:e5cdbb5cafcedea04924568d990e20ce7f1945a1dd54b560f879ee2d57226912"},
    {file = "coverage-7.1.0-cp38-cp38-musllinux_1_1_i686.whl", hash = "sha256:9817733f0d3ea91bea80de0f79ef971ae94f81ca52f9b66500c6a2fea8e4b4f8"},
    {file = "coverage-7.1.0-cp38-cp38-musllinux_1_1_x86_64.whl", hash = "sha256:218fe982371ac7387304153ecd51205f14e9d731b34fb0568181abaf7b443ba0"},
    {file = "coverage-7.1.0-cp38-cp38-win32.whl", hash = "sha256:04481245ef966fbd24ae9b9e537ce899ae584d521dfbe78f89cad003c38ca2ab"},
    {file = "coverage-7.1.0-cp38-cp38-win_amd64.whl", hash = "sha256:8ae125d1134bf236acba8b83e74c603d1b30e207266121e76484562bc816344c"},
    {file = "coverage-7.1.0-cp39-cp39-macosx_10_9_x86_64.whl", hash = "sha256:2bf1d5f2084c3932b56b962a683074a3692bce7cabd3aa023c987a2a8e7612f6"},
    {file = "coverage-7.1.0-cp39-cp39-macosx_11_0_arm64.whl", hash = "sha256:98b85dd86514d889a2e3dd22ab3c18c9d0019e696478391d86708b805f4ea0fa"},
    {file = "coverage-7.1.0-cp39-cp39-manylinux_2_17_aarch64.manylinux2014_aarch64.whl", hash = "sha256:38da2db80cc505a611938d8624801158e409928b136c8916cd2e203970dde4dc"},
    {file = "coverage-7.1.0-cp39-cp39-manylinux_2_5_i686.manylinux1_i686.manylinux_2_17_i686.manylinux2014_i686.whl", hash = "sha256:3164d31078fa9efe406e198aecd2a02d32a62fecbdef74f76dad6a46c7e48311"},
    {file = "coverage-7.1.0-cp39-cp39-manylinux_2_5_x86_64.manylinux1_x86_64.manylinux_2_17_x86_64.manylinux2014_x86_64.whl", hash = "sha256:db61a79c07331e88b9a9974815c075fbd812bc9dbc4dc44b366b5368a2936063"},
    {file = "coverage-7.1.0-cp39-cp39-musllinux_1_1_aarch64.whl", hash = "sha256:9ccb092c9ede70b2517a57382a601619d20981f56f440eae7e4d7eaafd1d1d09"},
    {file = "coverage-7.1.0-cp39-cp39-musllinux_1_1_i686.whl", hash = "sha256:33ff26d0f6cc3ca8de13d14fde1ff8efe1456b53e3f0273e63cc8b3c84a063d8"},
    {file = "coverage-7.1.0-cp39-cp39-musllinux_1_1_x86_64.whl", hash = "sha256:d47dd659a4ee952e90dc56c97d78132573dc5c7b09d61b416a9deef4ebe01a0c"},
    {file = "coverage-7.1.0-cp39-cp39-win32.whl", hash = "sha256:d248cd4a92065a4d4543b8331660121b31c4148dd00a691bfb7a5cdc7483cfa4"},
    {file = "coverage-7.1.0-cp39-cp39-win_amd64.whl", hash = "sha256:7ed681b0f8e8bcbbffa58ba26fcf5dbc8f79e7997595bf071ed5430d8c08d6f3"},
    {file = "coverage-7.1.0-pp37.pp38.pp39-none-any.whl", hash = "sha256:755e89e32376c850f826c425ece2c35a4fc266c081490eb0a841e7c1cb0d3bda"},
    {file = "coverage-7.1.0.tar.gz", hash = "sha256:10188fe543560ec4874f974b5305cd1a8bdcfa885ee00ea3a03733464c4ca265"},
]

[package.extras]
toml = ["tomli"]

[[package]]
name = "exceptiongroup"
version = "1.1.0"
description = "Backport of PEP 654 (exception groups)"
category = "dev"
optional = false
python-versions = ">=3.7"
files = [
    {file = "exceptiongroup-1.1.0-py3-none-any.whl", hash = "sha256:327cbda3da756e2de031a3107b81ab7b3770a602c4d16ca618298c526f4bec1e"},
    {file = "exceptiongroup-1.1.0.tar.gz", hash = "sha256:bcb67d800a4497e1b404c2dd44fca47d3b7a5e5433dbab67f96c1a685cdfdf23"},
]

[package.extras]
test = ["pytest (>=6)"]

[[package]]
name = "iniconfig"
version = "2.0.0"
description = "brain-dead simple config-ini parsing"
category = "dev"
optional = false
python-versions = ">=3.7"
files = [
    {file = "iniconfig-2.0.0-py3-none-any.whl", hash = "sha256:b6a85871a79d2e3b22d2d1b94ac2824226a63c6b741c88f7ae975f18b6778374"},
    {file = "iniconfig-2.0.0.tar.gz", hash = "sha256:2d91e135bf72d31a410b17c16da610a82cb55f6b0477d1a902134b24a455b8b3"},
]

[[package]]
name = "packaging"
version = "23.0"
description = "Core utilities for Python packages"
category = "dev"
optional = false
python-versions = ">=3.7"
files = [
    {file = "packaging-23.0-py3-none-any.whl", hash = "sha256:714ac14496c3e68c99c29b00845f7a2b85f3bb6f1078fd9f72fd20f0570002b2"},
    {file = "packaging-23.0.tar.gz", hash = "sha256:b6ad297f8907de0fa2fe1ccbd26fdaf387f5f47c7275fedf8cce89f99446cf97"},
]

[[package]]
name = "pluggy"
version = "1.0.0"
description = "plugin and hook calling mechanisms for python"
category = "dev"
optional = false
python-versions = ">=3.6"
files = [
    {file = "pluggy-1.0.0-py2.py3-none-any.whl", hash = "sha256:74134bbf457f031a36d68416e1509f34bd5ccc019f0bcc952c7b909d06b37bd3"},
    {file = "pluggy-1.0.0.tar.gz", hash = "sha256:4224373bacce55f955a878bf9cfa763c1e360858e330072059e10bad68531159"},
]

[package.extras]
dev = ["pre-commit", "tox"]
testing = ["pytest", "pytest-benchmark"]

[[package]]
name = "pycryptodome"
version = "3.17"
description = "Cryptographic library for Python"
category = "main"
optional = true
python-versions = ">=2.7, !=3.0.*, !=3.1.*, !=3.2.*, !=3.3.*, !=3.4.*"
files = [
    {file = "pycryptodome-3.17-cp27-cp27m-macosx_10_9_x86_64.whl", hash = "sha256:2c5631204ebcc7ae33d11c43037b2dafe25e2ab9c1de6448eb6502ac69c19a56"},
    {file = "pycryptodome-3.17-cp27-cp27m-manylinux2010_i686.whl", hash = "sha256:04779cc588ad8f13c80a060b0b1c9d1c203d051d8a43879117fe6b8aaf1cd3fa"},
    {file = "pycryptodome-3.17-cp27-cp27m-manylinux2010_x86_64.whl", hash = "sha256:f812d58c5af06d939b2baccdda614a3ffd80531a26e5faca2c9f8b1770b2b7af"},
    {file = "pycryptodome-3.17-cp27-cp27m-manylinux2014_aarch64.whl", hash = "sha256:9453b4e21e752df8737fdffac619e93c9f0ec55ead9a45df782055eb95ef37d9"},
    {file = "pycryptodome-3.17-cp27-cp27m-musllinux_1_1_aarch64.whl", hash = "sha256:121d61663267f73692e8bde5ec0d23c9146465a0d75cad75c34f75c752527b01"},
    {file = "pycryptodome-3.17-cp27-cp27m-win32.whl", hash = "sha256:ba2d4fcb844c6ba5df4bbfee9352ad5352c5ae939ac450e06cdceff653280450"},
    {file = "pycryptodome-3.17-cp27-cp27m-win_amd64.whl", hash = "sha256:87e2ca3aa557781447428c4b6c8c937f10ff215202ab40ece5c13a82555c10d6"},
    {file = "pycryptodome-3.17-cp27-cp27mu-manylinux2010_i686.whl", hash = "sha256:f44c0d28716d950135ff21505f2c764498eda9d8806b7c78764165848aa419bc"},
    {file = "pycryptodome-3.17-cp27-cp27mu-manylinux2010_x86_64.whl", hash = "sha256:5a790bc045003d89d42e3b9cb3cc938c8561a57a88aaa5691512e8540d1ae79c"},
    {file = "pycryptodome-3.17-cp27-cp27mu-manylinux2014_aarch64.whl", hash = "sha256:d086d46774e27b280e4cece8ab3d87299cf0d39063f00f1e9290d096adc5662a"},
    {file = "pycryptodome-3.17-cp27-cp27mu-musllinux_1_1_aarch64.whl", hash = "sha256:5587803d5b66dfd99e7caa31ed91fba0fdee3661c5d93684028ad6653fce725f"},
    {file = "pycryptodome-3.17-cp35-abi3-macosx_10_9_universal2.whl", hash = "sha256:e7debd9c439e7b84f53be3cf4ba8b75b3d0b6e6015212355d6daf44ac672e210"},
    {file = "pycryptodome-3.17-cp35-abi3-macosx_10_9_x86_64.whl", hash = "sha256:ca1ceb6303be1282148f04ac21cebeebdb4152590842159877778f9cf1634f09"},
    {file = "pycryptodome-3.17-cp35-abi3-manylinux2014_aarch64.whl", hash = "sha256:dc22cc00f804485a3c2a7e2010d9f14a705555f67020eb083e833cabd5bd82e4"},
    {file = "pycryptodome-3.17-cp35-abi3-manylinux_2_17_x86_64.manylinux2014_x86_64.whl", hash = "sha256:80ea8333b6a5f2d9e856ff2293dba2e3e661197f90bf0f4d5a82a0a6bc83a626"},
    {file = "pycryptodome-3.17-cp35-abi3-manylinux_2_5_i686.manylinux1_i686.manylinux_2_17_i686.manylinux2014_i686.whl", hash = "sha256:c133f6721fba313722a018392a91e3c69d3706ae723484841752559e71d69dc6"},
    {file = "pycryptodome-3.17-cp35-abi3-musllinux_1_1_aarch64.whl", hash = "sha256:333306eaea01fde50a73c4619e25631e56c4c61bd0fb0a2346479e67e3d3a820"},
    {file = "pycryptodome-3.17-cp35-abi3-musllinux_1_1_i686.whl", hash = "sha256:1a30f51b990994491cec2d7d237924e5b6bd0d445da9337d77de384ad7f254f9"},
    {file = "pycryptodome-3.17-cp35-abi3-musllinux_1_1_x86_64.whl", hash = "sha256:909e36a43fe4a8a3163e9c7fc103867825d14a2ecb852a63d3905250b308a4e5"},
    {file = "pycryptodome-3.17-cp35-abi3-win32.whl", hash = "sha256:a3228728a3808bc9f18c1797ec1179a0efb5068c817b2ffcf6bcd012494dffb2"},
    {file = "pycryptodome-3.17-cp35-abi3-win_amd64.whl", hash = "sha256:9ec565e89a6b400eca814f28d78a9ef3f15aea1df74d95b28b7720739b28f37f"},
    {file = "pycryptodome-3.17-pp27-pypy_73-macosx_10_9_x86_64.whl", hash = "sha256:e1819b67bcf6ca48341e9b03c2e45b1c891fa8eb1a8458482d14c2805c9616f2"},
    {file = "pycryptodome-3.17-pp27-pypy_73-manylinux2010_x86_64.whl", hash = "sha256:f8e550caf52472ae9126953415e4fc554ab53049a5691c45b8816895c632e4d7"},
    {file = "pycryptodome-3.17-pp27-pypy_73-win32.whl", hash = "sha256:afbcdb0eda20a0e1d44e3a1ad6d4ec3c959210f4b48cabc0e387a282f4c7deb8"},
    {file = "pycryptodome-3.17-pp38-pypy38_pp73-macosx_10_9_x86_64.whl", hash = "sha256:a74f45aee8c5cc4d533e585e0e596e9f78521e1543a302870a27b0ae2106381e"},
    {file = "pycryptodome-3.17-pp38-pypy38_pp73-manylinux_2_17_x86_64.manylinux2014_x86_64.whl", hash = "sha256:38bbd6717eac084408b4094174c0805bdbaba1f57fc250fd0309ae5ec9ed7e09"},
    {file = "pycryptodome-3.17-pp38-pypy38_pp73-manylinux_2_5_i686.manylinux1_i686.manylinux_2_17_i686.manylinux2014_i686.whl", hash = "sha256:f68d6c8ea2974a571cacb7014dbaada21063a0375318d88ac1f9300bc81e93c3"},
    {file = "pycryptodome-3.17-pp38-pypy38_pp73-win_amd64.whl", hash = "sha256:8198f2b04c39d817b206ebe0db25a6653bb5f463c2319d6f6d9a80d012ac1e37"},
    {file = "pycryptodome-3.17-pp39-pypy39_pp73-macosx_10_9_x86_64.whl", hash = "sha256:3a232474cd89d3f51e4295abe248a8b95d0332d153bf46444e415409070aae1e"},
    {file = "pycryptodome-3.17-pp39-pypy39_pp73-manylinux_2_17_x86_64.manylinux2014_x86_64.whl", hash = "sha256:4992ec965606054e8326e83db1c8654f0549cdb26fce1898dc1a20bc7684ec1c"},
    {file = "pycryptodome-3.17-pp39-pypy39_pp73-manylinux_2_5_i686.manylinux1_i686.manylinux_2_17_i686.manylinux2014_i686.whl", hash = "sha256:53068e33c74f3b93a8158dacaa5d0f82d254a81b1002e0cd342be89fcb3433eb"},
    {file = "pycryptodome-3.17-pp39-pypy39_pp73-win_amd64.whl", hash = "sha256:74794a2e2896cd0cf56fdc9db61ef755fa812b4a4900fa46c49045663a92b8d0"},
    {file = "pycryptodome-3.17.tar.gz", hash = "sha256:bce2e2d8e82fcf972005652371a3e8731956a0c1fbb719cc897943b3695ad91b"},
]

[[package]]
name = "pytest"
version = "7.2.1"
description = "pytest: simple powerful testing with Python"
category = "dev"
optional = false
python-versions = ">=3.7"
files = [
    {file = "pytest-7.2.1-py3-none-any.whl", hash = "sha256:c7c6ca206e93355074ae32f7403e8ea12163b1163c976fee7d4d84027c162be5"},
    {file = "pytest-7.2.1.tar.gz", hash = "sha256:d45e0952f3727241918b8fd0f376f5ff6b301cc0777c6f9a556935c92d8a7d42"},
]

[package.dependencies]
attrs = ">=19.2.0"
colorama = {version = "*", markers = "sys_platform == \"win32\""}
exceptiongroup = {version = ">=1.0.0rc8", markers = "python_version < \"3.11\""}
iniconfig = "*"
packaging = "*"
pluggy = ">=0.12,<2.0"
tomli = {version = ">=1.0.0", markers = "python_version < \"3.11\""}

[package.extras]
testing = ["argcomplete", "hypothesis (>=3.56)", "mock", "nose", "pygments (>=2.7.2)", "requests", "xmlschema"]

[[package]]
name = "sourcery-cli"
version = "1.0.3"
description = "Magically refactor Python"
category = "dev"
optional = false
python-versions = "*"
files = [
    {file = "sourcery_cli-1.0.3-py2.py3-none-macosx_10_9_universal2.whl", hash = "sha256:4e6fa17d5b73868c6357acb80360b815974791c33875b22208a90cf6d7d4efd9"},
    {file = "sourcery_cli-1.0.3-py2.py3-none-manylinux1_x86_64.whl", hash = "sha256:896e4cd115699e1bdf260c0402fe94b9d6894aef7ab5b77ec11811565e477df2"},
    {file = "sourcery_cli-1.0.3-py2.py3-none-win_amd64.whl", hash = "sha256:d99e76088c800c57ff2bd5e3a8572440010082116c009aba3806718dafeb2c0b"},
]

[[package]]
name = "tomli"
version = "2.0.1"
description = "A lil' TOML parser"
category = "dev"
optional = false
python-versions = ">=3.7"
files = [
    {file = "tomli-2.0.1-py3-none-any.whl", hash = "sha256:939de3e7a6161af0c887ef91b7d41a53e7c5a1ca976325f429cb46ea9bc30ecc"},
    {file = "tomli-2.0.1.tar.gz", hash = "sha256:de526c12914f0c550d15924c62d72abc48d6fe7364aa87328337a31007fe8a4f"},
]

[extras]
avro = ["avro"]
encryption = ["pycryptodome"]

[metadata]
lock-version = "2.0"
python-versions = "^3.8"
content-hash = "c1659120f8e335e62cfc39fb1d436ecac62138372454a28013f7c48011ac14cc"
